
Microsoft Visual Studio Solution File, Format Version 12.00
# Visual Studio Version 16
VisualStudioVersion = 16.0.31205.134
MinimumVisualStudioVersion = 10.0.40219.1
Project("{9A19103F-16F7-4668-BE54-9A1E7A4F7556}") = "JuridicoSISCsharp", "..\JuridicoSISCSharp\JuridicoSISCsharp\JuridicoSISCsharp.csproj", "{A34EC608-2146-4797-A59D-E1633FE8EEEC}"
EndProject
Project("{FAE04EC0-301F-11D3-BF4B-00C04F79EFBC}") = "SistemaGURI", "..\JuridicoSISCSharp\SistemaGURI\SistemaGURI.csproj", "{1904479D-678E-4365-A1C5-C7159115D674}"
EndProject
Global
	GlobalSection(SolutionConfigurationPlatforms) = preSolution
		Debug|Any CPU = Debug|Any CPU
		Release|Any CPU = Release|Any CPU
	EndGlobalSection
	GlobalSection(ProjectConfigurationPlatforms) = postSolution
		{A34EC608-2146-4797-A59D-E1633FE8EEEC}.Debug|Any CPU.ActiveCfg = Debug|Any CPU
		{A34EC608-2146-4797-A59D-E1633FE8EEEC}.Debug|Any CPU.Build.0 = Debug|Any CPU
		{A34EC608-2146-4797-A59D-E1633FE8EEEC}.Release|Any CPU.ActiveCfg = Release|Any CPU
		{A34EC608-2146-4797-A59D-E1633FE8EEEC}.Release|Any CPU.Build.0 = Release|Any CPU
		{1904479D-678E-4365-A1C5-C7159115D674}.Debug|Any CPU.ActiveCfg = Debug|Any CPU
		{1904479D-678E-4365-A1C5-C7159115D674}.Debug|Any CPU.Build.0 = Debug|Any CPU
		{1904479D-678E-4365-A1C5-C7159115D674}.Release|Any CPU.ActiveCfg = Release|Any CPU
		{1904479D-678E-4365-A1C5-C7159115D674}.Release|Any CPU.Build.0 = Release|Any CPU
	EndGlobalSection
	GlobalSection(SolutionProperties) = preSolution
		HideSolutionNode = FALSE
	EndGlobalSection
	GlobalSection(ExtensibilityGlobals) = postSolution
		SolutionGuid = {FE132D6E-DC05-4021-B202-B0EC16381AAA}
	EndGlobalSection
EndGlobal
